
Microsoft Visual Studio Solution File, Format Version 12.00
# Visual Studio Version 16
VisualStudioVersion = 16.0.28729.10
MinimumVisualStudioVersion = 10.0.40219.1
Project("{FAE04EC0-301F-11D3-BF4B-00C04F79EFBC}") = "MaxplayerModifier", "MaxplayerModifier.csproj", "{252FF3FC-49BA-40BC-B690-710F0BC3234B}"
EndProject
Global
	GlobalSection(SolutionConfigurationPlatforms) = preSolution
		Debug|Any CPU = Debug|Any CPU
		Release|Any CPU = Release|Any CPU
	EndGlobalSection
	GlobalSection(ProjectConfigurationPlatforms) = postSolution
		{252FF3FC-49BA-40BC-B690-710F0BC3234B}.Debug|Any CPU.ActiveCfg = Debug|Any CPU
		{252FF3FC-49BA-40BC-B690-710F0BC3234B}.Debug|Any CPU.Build.0 = Debug|Any CPU
		{252FF3FC-49BA-40BC-B690-710F0BC3234B}.Release|Any CPU.ActiveCfg = Release|Any CPU
		{252FF3FC-49BA-40BC-B690-710F0BC3234B}.Release|Any CPU.Build.0 = Release|Any CPU
	EndGlobalSection
	GlobalSection(SolutionProperties) = preSolution
		HideSolutionNode = FALSE
	EndGlobalSection
	GlobalSection(ExtensibilityGlobals) = postSolution
		SolutionGuid = {72FB64E1-FA32-4B80-BC90-9436E043A7B0}
	EndGlobalSection
EndGlobal
